// !$*UTF8*$!
{
	archiveVersion = 1;
	classes = {
	};
	objectVersion = 46;
	objects = {

/* Begin PBXBuildFile section */
		C7441B1F1CFE5DC30089E84F /* AppDelegate.swift in Sources */ = {isa = PBXBuildFile; fileRef = C7441B1E1CFE5DC30089E84F /* AppDelegate.swift */; };
		C7441B211CFE5DC30089E84F /* ViewController.swift in Sources */ = {isa = PBXBuildFile; fileRef = C7441B201CFE5DC30089E84F /* ViewController.swift */; };
		C7441B231CFE5DC30089E84F /* Assets.xcassets in Resources */ = {isa = PBXBuildFile; fileRef = C7441B221CFE5DC30089E84F /* Assets.xcassets */; };
		C7441B261CFE5DC30089E84F /* Main.storyboard in Resources */ = {isa = PBXBuildFile; fileRef = C7441B241CFE5DC30089E84F /* Main.storyboard */; };
		C7441B4A1CFE5F2D0089E84F /* PlayerInfo.swift in Sources */ = {isa = PBXBuildFile; fileRef = C7441B491CFE5F2D0089E84F /* PlayerInfo.swift */; };
		C7BCF8701D0164D8001010EA /* ClickableStepper.swift in Sources */ = {isa = PBXBuildFile; fileRef = C7BCF86F1D0164D8001010EA /* ClickableStepper.swift */; };
/* End PBXBuildFile section */

/* Begin PBXFileReference section */
		B52616801D5A6E1000FE48BF /* README.md */ = {isa = PBXFileReference; lastKnownFileType = net.daringfireball.markdown; path = README.md; sourceTree = "<group>"; };
		C7441B1B1CFE5DC30089E84F /* Scoreboard.app */ = {isa = PBXFileReference; explicitFileType = wrapper.application; includeInIndex = 0; path = Scoreboard.app; sourceTree = BUILT_PRODUCTS_DIR; };
		C7441B1E1CFE5DC30089E84F /* AppDelegate.swift */ = {isa = PBXFileReference; lastKnownFileType = sourcecode.swift; path = AppDelegate.swift; sourceTree = "<group>"; };
		C7441B201CFE5DC30089E84F /* ViewController.swift */ = {isa = PBXFileReference; lastKnownFileType = sourcecode.swift; path = ViewController.swift; sourceTree = "<group>"; };
		C7441B221CFE5DC30089E84F /* Assets.xcassets */ = {isa = PBXFileReference; lastKnownFileType = folder.assetcatalog; path = Assets.xcassets; sourceTree = "<group>"; };
		C7441B251CFE5DC30089E84F /* Base */ = {isa = PBXFileReference; lastKnownFileType = file.storyboard; name = Base; path = Base.lproj/Main.storyboard; sourceTree = "<group>"; };
		C7441B271CFE5DC30089E84F /* Info.plist */ = {isa = PBXFileReference; lastKnownFileType = text.plist.xml; path = Info.plist; sourceTree = "<group>"; };
		C7441B491CFE5F2D0089E84F /* PlayerInfo.swift */ = {isa = PBXFileReference; fileEncoding = 4; lastKnownFileType = sourcecode.swift; path = PlayerInfo.swift; sourceTree = "<group>"; };
		C7BCF86F1D0164D8001010EA /* ClickableStepper.swift */ = {isa = PBXFileReference; fileEncoding = 4; lastKnownFileType = sourcecode.swift; path = ClickableStepper.swift; sourceTree = "<group>"; };
/* End PBXFileReference section */

/* Begin PBXFrameworksBuildPhase section */
		C7441B181CFE5DC30089E84F /* Frameworks */ = {
			isa = PBXFrameworksBuildPhase;
			buildActionMask = 2147483647;
			files = (
			);
			runOnlyForDeploymentPostprocessing = 0;
		};
/* End PBXFrameworksBuildPhase section */

/* Begin PBXGroup section */
		C7441B121CFE5DC30089E84F = {
			isa = PBXGroup;
			children = (
				B52616801D5A6E1000FE48BF /* README.md */,
				C7441B1D1CFE5DC30089E84F /* Scoreboard */,
				C7441B1C1CFE5DC30089E84F /* Products */,
			);
			sourceTree = "<group>";
		};
		C7441B1C1CFE5DC30089E84F /* Products */ = {
			isa = PBXGroup;
			children = (
				C7441B1B1CFE5DC30089E84F /* Scoreboard.app */,
			);
			name = Products;
			sourceTree = "<group>";
		};
		C7441B1D1CFE5DC30089E84F /* Scoreboard */ = {
			isa = PBXGroup;
			children = (
				C7441B1E1CFE5DC30089E84F /* AppDelegate.swift */,
				C7441B201CFE5DC30089E84F /* ViewController.swift */,
				C7441B491CFE5F2D0089E84F /* PlayerInfo.swift */,
				C7BCF86F1D0164D8001010EA /* ClickableStepper.swift */,
				C7441B221CFE5DC30089E84F /* Assets.xcassets */,
				C7441B241CFE5DC30089E84F /* Main.storyboard */,
				C7441B271CFE5DC30089E84F /* Info.plist */,
			);
			path = Scoreboard;
			sourceTree = "<group>";
		};
/* End PBXGroup section */

/* Begin PBXNativeTarget section */
		C7441B1A1CFE5DC30089E84F /* Scoreboard */ = {
			isa = PBXNativeTarget;
			buildConfigurationList = C7441B401CFE5DC30089E84F /* Build configuration list for PBXNativeTarget "Scoreboard" */;
			buildPhases = (
				C7441B171CFE5DC30089E84F /* Sources */,
				C7441B181CFE5DC30089E84F /* Frameworks */,
				C7441B191CFE5DC30089E84F /* Resources */,
			);
			buildRules = (
			);
			dependencies = (
			);
			name = Scoreboard;
			productName = OSXDemoTableView;
			productReference = C7441B1B1CFE5DC30089E84F /* Scoreboard.app */;
			productType = "com.apple.product-type.application";
		};
/* End PBXNativeTarget section */

/* Begin PBXProject section */
		C7441B131CFE5DC30089E84F /* Project object */ = {
			isa = PBXProject;
			attributes = {
				LastSwiftUpdateCheck = 0800;
				LastUpgradeCheck = 0800;
				ORGANIZATIONNAME = "Sara Radi";
				TargetAttributes = {
					C7441B1A1CFE5DC30089E84F = {
						CreatedOnToolsVersion = 8.0;
						ProvisioningStyle = Automatic;
					};
				};
			};
			buildConfigurationList = C7441B161CFE5DC30089E84F /* Build configuration list for PBXProject "Scoreboard" */;
			compatibilityVersion = "Xcode 3.2";
			developmentRegion = English;
			hasScannedForEncodings = 0;
			knownRegions = (
				en,
				Base,
			);
			mainGroup = C7441B121CFE5DC30089E84F;
			productRefGroup = C7441B1C1CFE5DC30089E84F /* Products */;
			projectDirPath = "";
			projectRoot = "";
			targets = (
				C7441B1A1CFE5DC30089E84F /* Scoreboard */,
			);
		};
/* End PBXProject section */

/* Begin PBXResourcesBuildPhase section */
		C7441B191CFE5DC30089E84F /* Resources */ = {
			isa = PBXResourcesBuildPhase;
			buildActionMask = 2147483647;
			files = (
				C7441B231CFE5DC30089E84F /* Assets.xcassets in Resources */,
				C7441B261CFE5DC30089E84F /* Main.storyboard in Resources */,
			);
			runOnlyForDeploymentPostprocessing = 0;
		};
/* End PBXResourcesBuildPhase section */

/* Begin PBXSourcesBuildPhase section */
		C7441B171CFE5DC30089E84F /* Sources */ = {
			isa = PBXSourcesBuildPhase;
			buildActionMask = 2147483647;
			files = (
				C7441B211CFE5DC30089E84F /* ViewController.swift in Sources */,
				C7441B1F1CFE5DC30089E84F /* AppDelegate.swift in Sources */,
				C7BCF8701D0164D8001010EA /* ClickableStepper.swift in Sources */,
				C7441B4A1CFE5F2D0089E84F /* PlayerInfo.swift in Sources */,
			);
			runOnlyForDeploymentPostprocessing = 0;
		};
/* End PBXSourcesBuildPhase section */

/* Begin PBXVariantGroup section */
		C7441B241CFE5DC30089E84F /* Main.storyboard */ = {
			isa = PBXVariantGroup;
			children = (
				C7441B251CFE5DC30089E84F /* Base */,
			);
			name = Main.storyboard;
			sourceTree = "<group>";
		};
/* End PBXVariantGroup section */

/* Begin XCBuildConfiguration section */
		C7441B3E1CFE5DC30089E84F /* Debug */ = {
			isa = XCBuildConfiguration;
			buildSettings = {
				ALWAYS_SEARCH_USER_PATHS = NO;
				CLANG_ANALYZER_NONNULL = YES;
				CLANG_CXX_LANGUAGE_STANDARD = "gnu++0x";
				CLANG_CXX_LIBRARY = "libc++";
				CLANG_ENABLE_MODULES = YES;
				CLANG_ENABLE_OBJC_ARC = YES;
				CLANG_WARN_BOOL_CONVERSION = YES;
				CLANG_WARN_CONSTANT_CONVERSION = YES;
				CLANG_WARN_DIRECT_OBJC_ISA_USAGE = YES_ERROR;
				CLANG_WARN_DOCUMENTATION_COMMENTS = YES;
				CLANG_WARN_EMPTY_BODY = YES;
				CLANG_WARN_ENUM_CONVERSION = YES;
				CLANG_WARN_INT_CONVERSION = YES;
				CLANG_WARN_OBJC_ROOT_CLASS = YES_ERROR;
				CLANG_WARN_UNREACHABLE_CODE = YES;
				CLANG_WARN__DUPLICATE_METHOD_MATCH = YES;
				CODE_SIGN_IDENTITY = "-";
				COPY_PHASE_STRIP = NO;
				DEBUG_INFORMATION_FORMAT = dwarf;
				ENABLE_STRICT_OBJC_MSGSEND = YES;
				ENABLE_TESTABILITY = YES;
				GCC_C_LANGUAGE_STANDARD = gnu99;
				GCC_DYNAMIC_NO_PIC = NO;
				GCC_NO_COMMON_BLOCKS = YES;
				GCC_OPTIMIZATION_LEVEL = 0;
				GCC_PREPROCESSOR_DEFINITIONS = (
					"DEBUG=1",
					"$(inherited)",
				);
				GCC_WARN_64_TO_32_BIT_CONVERSION = YES;
				GCC_WARN_ABOUT_RETURN_TYPE = YES_ERROR;
				GCC_WARN_UNDECLARED_SELECTOR = YES;
				GCC_WARN_UNINITIALIZED_AUTOS = YES_AGGRESSIVE;
				GCC_WARN_UNUSED_FUNCTION = YES;
				GCC_WARN_UNUSED_VARIABLE = YES;
				MACOSX_DEPLOYMENT_TARGET = 10.12;
				MTL_ENABLE_DEBUG_INFO = YES;
				ONLY_ACTIVE_ARCH = YES;
				SDKROOT = macosx;
				SWIFT_ACTIVE_COMPILATION_CONDITIONS = DEBUG;
				SWIFT_OPTIMIZATION_LEVEL = "-Onone";
			};
			name = Debug;
		};
		C7441B3F1CFE5DC30089E84F /* Release */ = {
			isa = XCBuildConfiguration;
			buildSettings = {
				ALWAYS_SEARCH_USER_PATHS = NO;
				CLANG_ANALYZER_NONNULL = YES;
				CLANG_CXX_LANGUAGE_STANDARD = "gnu++0x";
				CLANG_CXX_LIBRARY = "libc++";
				CLANG_ENABLE_MODULES = YES;
				CLANG_ENABLE_OBJC_ARC = YES;
				CLANG_WARN_BOOL_CONVERSION = YES;
				CLANG_WARN_CONSTANT_CONVERSION = YES;
				CLANG_WARN_DIRECT_OBJC_ISA_USAGE = YES_ERROR;
				CLANG_WARN_DOCUMENTATION_COMMENTS = YES;
				CLANG_WARN_EMPTY_BODY = YES;
				CLANG_WARN_ENUM_CONVERSION = YES;
				CLANG_WARN_INT_CONVERSION = YES;
				CLANG_WARN_OBJC_ROOT_CLASS = YES_ERROR;
				CLANG_WARN_UNREACHABLE_CODE = YES;
				CLANG_WARN__DUPLICATE_METHOD_MATCH = YES;
				CODE_SIGN_IDENTITY = "-";
				COPY_PHASE_STRIP = NO;
				DEBUG_INFORMATION_FORMAT = "dwarf-with-dsym";
				ENABLE_NS_ASSERTIONS = NO;
				ENABLE_STRICT_OBJC_MSGSEND = YES;
				GCC_C_LANGUAGE_STANDARD = gnu99;
				GCC_NO_COMMON_BLOCKS = YES;
				GCC_WARN_64_TO_32_BIT_CONVERSION = YES;
				GCC_WARN_ABOUT_RETURN_TYPE = YES_ERROR;
				GCC_WARN_UNDECLARED_SELECTOR = YES;
				GCC_WARN_UNINITIALIZED_AUTOS = YES_AGGRESSIVE;
				GCC_WARN_UNUSED_FUNCTION = YES;
				GCC_WARN_UNUSED_VARIABLE = YES;
				MACOSX_DEPLOYMENT_TARGET = 10.12;
				MTL_ENABLE_DEBUG_INFO = NO;
				SDKROOT = macosx;
				SWIFT_OPTIMIZATION_LEVEL = "-Owholemodule";
			};
			name = Release;
		};
		C7441B411CFE5DC30089E84F /* Debug */ = {
			isa = XCBuildConfiguration;
			buildSettings = {
				ASSETCATALOG_COMPILER_APPICON_NAME = AppIcon;
				COMBINE_HIDPI_IMAGES = YES;
				INFOPLIST_FILE = Scoreboard/Info.plist;
				LD_RUNPATH_SEARCH_PATHS = "$(inherited) @executable_path/../Frameworks";
				PRODUCT_BUNDLE_IDENTIFIER = "com.example.apple-samplecode.Scoreboard";
				PRODUCT_NAME = "$(TARGET_NAME)";
				SDKROOT = macosx;
				SWIFT_VERSION = 3.0;
			};
			name = Debug;
		};
		C7441B421CFE5DC30089E84F /* Release */ = {
			isa = XCBuildConfiguration;
			buildSettings = {
				ASSETCATALOG_COMPILER_APPICON_NAME = AppIcon;
				COMBINE_HIDPI_IMAGES = YES;
				INFOPLIST_FILE = Scoreboard/Info.plist;
				LD_RUNPATH_SEARCH_PATHS = "$(inherited) @executable_path/../Frameworks";
				PRODUCT_BUNDLE_IDENTIFIER = "com.example.apple-samplecode.Scoreboard";
				PRODUCT_NAME = "$(TARGET_NAME)";
				SDKROOT = macosx;
				SWIFT_VERSION = 3.0;
			};
			name = Release;
		};
/* End XCBuildConfiguration section */

/* Begin XCConfigurationList section */
		C7441B161CFE5DC30089E84F /* Build configuration list for PBXProject "Scoreboard" */ = {
			isa = XCConfigurationList;
			buildConfigurations = (
				C7441B3E1CFE5DC30089E84F /* Debug */,
				C7441B3F1CFE5DC30089E84F /* Release */,
			);
			defaultConfigurationIsVisible = 0;
			defaultConfigurationName = Release;
		};
		C7441B401CFE5DC30089E84F /* Build configuration list for PBXNativeTarget "Scoreboard" */ = {
			isa = XCConfigurationList;
			buildConfigurations = (
				C7441B411CFE5DC30089E84F /* Debug */,
				C7441B421CFE5DC30089E84F /* Release */,
			);
			defaultConfigurationIsVisible = 0;
			defaultConfigurationName = Release;
		};
/* End XCConfigurationList section */
	};
	rootObject = C7441B131CFE5DC30089E84F /* Project object */;
}
